
Microsoft Visual Studio Solution File, Format Version 12.00
# Visual Studio Version 17
VisualStudioVersion = 17.14.36915.13 d17.14
MinimumVisualStudioVersion = 10.0.40219.1
Project("{FAE04EC0-301F-11D3-BF4B-00C04F79EFBC}") = "G-NET-9-Adv03", "G-NET-9-Adv03\G-NET-9-Adv03.csproj", "{7A67C221-A40C-4739-AEE2-47A1F8284F26}"
EndProject
Global
	GlobalSection(SolutionConfigurationPlatforms) = preSolution
		Debug|Any CPU = Debug|Any CPU
		Release|Any CPU = Release|Any CPU
	EndGlobalSection
	GlobalSection(ProjectConfigurationPlatforms) = postSolution
		{7A67C221-A40C-4739-AEE2-47A1F8284F26}.Debug|Any CPU.ActiveCfg = Debug|Any CPU
		{7A67C221-A40C-4739-AEE2-47A1F8284F26}.Debug|Any CPU.Build.0 = Debug|Any CPU
		{7A67C221-A40C-4739-AEE2-47A1F8284F26}.Release|Any CPU.ActiveCfg = Release|Any CPU
		{7A67C221-A40C-4739-AEE2-47A1F8284F26}.Release|Any CPU.Build.0 = Release|Any CPU
	EndGlobalSection
	GlobalSection(SolutionProperties) = preSolution
		HideSolutionNode = FALSE
	EndGlobalSection
	GlobalSection(ExtensibilityGlobals) = postSolution
		SolutionGuid = {271168A0-3BBB-471B-AB93-CC67A82CEC18}
	EndGlobalSection
EndGlobal
